Microsoft Visual Studio Solution File, Format Version 11.00
# Visual Studio 2008

Project("{6E13A5C5-A501-DB48-D735-1957DAC9F456}") = "RythmGame", "Assembly-CSharp-firstpass-vs.csproj", "{801BC89F-90D4-94FD-0A66-1E33E7448ECF}"
EndProject
Project("{6E13A5C5-A501-DB48-D735-1957DAC9F456}") = "RythmGame", "Assembly-CSharp-vs.csproj", "{75DD8808-5698-D559-6E6E-8AE75C40A27A}"
EndProject
Project("{6E13A5C5-A501-DB48-D735-1957DAC9F456}") = "RythmGame", "Assembly-CSharp-Editor-vs.csproj", "{577F733B-7DFF-37ED-38DA-5EDDB265BFD2}"
EndProject
Global
	GlobalSection(SolutionConfigurationPlatforms) = preSolution
		Debug|Any CPU = Debug|Any CPU
		Release|Any CPU = Release|Any CPU
	EndGlobalSection
	GlobalSection(ProjectConfigurationPlatforms) = postSolution
		{801BC89F-90D4-94FD-0A66-1E33E7448ECF}.Debug|Any CPU.ActiveCfg = Debug|Any CPU
		{801BC89F-90D4-94FD-0A66-1E33E7448ECF}.Debug|Any CPU.Build.0 = Debug|Any CPU
		{801BC89F-90D4-94FD-0A66-1E33E7448ECF}.Release|Any CPU.ActiveCfg = Release|Any CPU
		{801BC89F-90D4-94FD-0A66-1E33E7448ECF}.Release|Any CPU.Build.0 = Release|Any CPU
		{75DD8808-5698-D559-6E6E-8AE75C40A27A}.Debug|Any CPU.ActiveCfg = Debug|Any CPU
		{75DD8808-5698-D559-6E6E-8AE75C40A27A}.Debug|Any CPU.Build.0 = Debug|Any CPU
		{75DD8808-5698-D559-6E6E-8AE75C40A27A}.Release|Any CPU.ActiveCfg = Release|Any CPU
		{75DD8808-5698-D559-6E6E-8AE75C40A27A}.Release|Any CPU.Build.0 = Release|Any CPU
		{577F733B-7DFF-37ED-38DA-5EDDB265BFD2}.Debug|Any CPU.ActiveCfg = Debug|Any CPU
		{577F733B-7DFF-37ED-38DA-5EDDB265BFD2}.Debug|Any CPU.Build.0 = Debug|Any CPU
		{577F733B-7DFF-37ED-38DA-5EDDB265BFD2}.Release|Any CPU.ActiveCfg = Release|Any CPU
		{577F733B-7DFF-37ED-38DA-5EDDB265BFD2}.Release|Any CPU.Build.0 = Release|Any CPU
	EndGlobalSection
	GlobalSection(SolutionProperties) = preSolution
		HideSolutionNode = FALSE
	EndGlobalSection
																																												GlobalSection(MonoDevelopProperties) = preSolution
		StartupItem = Assembly-CSharp.csproj
		Policies = $0
		$0.TextStylePolicy = $1
		$1.inheritsSet = null
		$1.scope = text/x-csharp
		$0.CSharpFormattingPolicy = $2
		$2.inheritsSet = Mono
		$2.inheritsScope = text/x-csharp
		$2.scope = text/x-csharp
		$0.TextStylePolicy = $3
		$3.FileWidth = 120
		$3.TabWidth = 4
		$3.EolMarker = Unix
		$3.inheritsSet = Mono
		$3.inheritsScope = text/plain
		$3.scope = text/plain
	EndGlobalSection

EndGlobal
